
Microsoft Visual Studio Solution File, Format Version 12.00
# Visual Studio 15
VisualStudioVersion = 15.0.27428.2005
MinimumVisualStudioVersion = 10.0.40219.1
Project("{FAE04EC0-301F-11D3-BF4B-00C04F79EFBC}") = "StringToColor", "StringToColor.csproj", "{BF916908-05A6-4F4A-9F99-6CD9B6E604F8}"
EndProject
Global
	GlobalSection(SolutionConfigurationPlatforms) = preSolution
		Debug|Any CPU = Debug|Any CPU
		Release|Any CPU = Release|Any CPU
	EndGlobalSection
	GlobalSection(ProjectConfigurationPlatforms) = postSolution
		{BF916908-05A6-4F4A-9F99-6CD9B6E604F8}.Debug|Any CPU.ActiveCfg = Debug|Any CPU
		{BF916908-05A6-4F4A-9F99-6CD9B6E604F8}.Debug|Any CPU.Build.0 = Debug|Any CPU
		{BF916908-05A6-4F4A-9F99-6CD9B6E604F8}.Release|Any CPU.ActiveCfg = Release|Any CPU
		{BF916908-05A6-4F4A-9F99-6CD9B6E604F8}.Release|Any CPU.Build.0 = Release|Any CPU
	EndGlobalSection
	GlobalSection(SolutionProperties) = preSolution
		HideSolutionNode = FALSE
	EndGlobalSection
	GlobalSection(ExtensibilityGlobals) = postSolution
		SolutionGuid = {9A4BB3F2-F640-4BAA-8E28-337F84DD0C9D}
	EndGlobalSection
EndGlobal
